// !$*UTF8*$!
{
	archiveVersion = 1;
	classes = {
	};
	objectVersion = 46;
	objects = {

/* Begin PBXBuildFile section */
		7E16ED05147EB4F200738259 /* MetronomeBeatView.m in Sources */ = {isa = PBXBuildFile; fileRef = 7E16ED04147EB4F200738259 /* MetronomeBeatView.m */; };
		7E16ED08147EC3FC00738259 /* QuartzCore.framework in Frameworks */ = {isa = PBXBuildFile; fileRef = 7E16ED07147EC3FC00738259 /* QuartzCore.framework */; };
		7E23565F147C8A6500D002CE /* SettingsViewController.m in Sources */ = {isa = PBXBuildFile; fileRef = 7E23565E147C8A6500D002CE /* SettingsViewController.m */; };
		7E657C33147B3141003C6876 /* UIKit.framework in Frameworks */ = {isa = PBXBuildFile; fileRef = 7E657C32147B3141003C6876 /* UIKit.framework */; };
		7E657C35147B3141003C6876 /* Foundation.framework in Frameworks */ = {isa = PBXBuildFile; fileRef = 7E657C34147B3141003C6876 /* Foundation.framework */; };
		7E657C37147B3141003C6876 /* CoreGraphics.framework in Frameworks */ = {isa = PBXBuildFile; fileRef = 7E657C36147B3141003C6876 /* CoreGraphics.framework */; };
		7E657C3D147B3141003C6876 /* InfoPlist.strings in Resources */ = {isa = PBXBuildFile; fileRef = 7E657C3B147B3141003C6876 /* InfoPlist.strings */; };
		7E657C3F147B3141003C6876 /* main.m in Sources */ = {isa = PBXBuildFile; fileRef = 7E657C3E147B3141003C6876 /* main.m */; };
		7E657C43147B3141003C6876 /* AppDelegate.m in Sources */ = {isa = PBXBuildFile; fileRef = 7E657C42147B3141003C6876 /* AppDelegate.m */; };
		7E657C49147B3141003C6876 /* MetronomeViewController.m in Sources */ = {isa = PBXBuildFile; fileRef = 7E657C48147B3141003C6876 /* MetronomeViewController.m */; };
		7E8339BC14819C3C0014F98C /* RootViewController.m in Sources */ = {isa = PBXBuildFile; fileRef = 7E8339BB14819C3C0014F98C /* RootViewController.m */; };
		7ED10E211484AF260006EEE0 /* AudioToolbox.framework in Frameworks */ = {isa = PBXBuildFile; fileRef = 7ED10E201484AF250006EEE0 /* AudioToolbox.framework */; };
		7ED10E261484B40C0006EEE0 /* tick.aif in Resources */ = {isa = PBXBuildFile; fileRef = 7ED10E251484B40C0006EEE0 /* tick.aif */; };
		7EF892B61481F0300097F30B /* SettingsView.xib in Resources */ = {isa = PBXBuildFile; fileRef = 7EF892B51481F0300097F30B /* SettingsView.xib */; };
		7EFB0B761481951F003B47A3 /* MetronomeView.xib in Resources */ = {isa = PBXBuildFile; fileRef = 7EFB0B751481951F003B47A3 /* MetronomeView.xib */; };
/* End PBXBuildFile section */

/* Begin PBXFileReference section */
		7E16ED03147EB4F200738259 /* MetronomeBeatView.h */ = {isa = PBXFileReference; fileEncoding = 4; lastKnownFileType = sourcecode.c.h; name = MetronomeBeatView.h; path = metronome/MetronomeBeatView.h; sourceTree = "<group>"; };
		7E16ED04147EB4F200738259 /* MetronomeBeatView.m */ = {isa = PBXFileReference; fileEncoding = 4; lastKnownFileType = sourcecode.c.objc; name = MetronomeBeatView.m; path = metronome/MetronomeBeatView.m; sourceTree = "<group>"; };
		7E16ED07147EC3FC00738259 /* QuartzCore.framework */ = {isa = PBXFileReference; lastKnownFileType = wrapper.framework; name = QuartzCore.framework; path = System/Library/Frameworks/QuartzCore.framework; sourceTree = SDKROOT; };
		7E23565D147C8A6500D002CE /* SettingsViewController.h */ = {isa = PBXFileReference; fileEncoding = 4; lastKnownFileType = sourcecode.c.h; path = SettingsViewController.h; sourceTree = "<group>"; };
		7E23565E147C8A6500D002CE /* SettingsViewController.m */ = {isa = PBXFileReference; fileEncoding = 4; lastKnownFileType = sourcecode.c.objc; path = SettingsViewController.m; sourceTree = "<group>"; };
		7E657C2E147B3141003C6876 /* metronome.app */ = {isa = PBXFileReference; explicitFileType = wrapper.application; includeInIndex = 0; path = metronome.app; sourceTree = BUILT_PRODUCTS_DIR; };
		7E657C32147B3141003C6876 /* UIKit.framework */ = {isa = PBXFileReference; lastKnownFileType = wrapper.framework; name = UIKit.framework; path = System/Library/Frameworks/UIKit.framework; sourceTree = SDKROOT; };
		7E657C34147B3141003C6876 /* Foundation.framework */ = {isa = PBXFileReference; lastKnownFileType = wrapper.framework; name = Foundation.framework; path = System/Library/Frameworks/Foundation.framework; sourceTree = SDKROOT; };
		7E657C36147B3141003C6876 /* CoreGraphics.framework */ = {isa = PBXFileReference; lastKnownFileType = wrapper.framework; name = CoreGraphics.framework; path = System/Library/Frameworks/CoreGraphics.framework; sourceTree = SDKROOT; };
		7E657C3A147B3141003C6876 /* metronome-Info.plist */ = {isa = PBXFileReference; lastKnownFileType = text.plist.xml; path = "metronome-Info.plist"; sourceTree = "<group>"; };
		7E657C3C147B3141003C6876 /* en */ = {isa = PBXFileReference; lastKnownFileType = text.plist.strings; name = en; path = en.lproj/InfoPlist.strings; sourceTree = "<group>"; };
		7E657C3E147B3141003C6876 /* main.m */ = {isa = PBXFileReference; lastKnownFileType = sourcecode.c.objc; path = main.m; sourceTree = "<group>"; };
		7E657C40147B3141003C6876 /* metronome-Prefix.pch */ = {isa = PBXFileReference; lastKnownFileType = sourcecode.c.h; path = "metronome-Prefix.pch"; sourceTree = "<group>"; };
		7E657C41147B3141003C6876 /* AppDelegate.h */ = {isa = PBXFileReference; lastKnownFileType = sourcecode.c.h; path = AppDelegate.h; sourceTree = "<group>"; };
		7E657C42147B3141003C6876 /* AppDelegate.m */ = {isa = PBXFileReference; lastKnownFileType = sourcecode.c.objc; path = AppDelegate.m; sourceTree = "<group>"; };
		7E657C47147B3141003C6876 /* MetronomeViewController.h */ = {isa = PBXFileReference; lastKnownFileType = sourcecode.c.h; name = MetronomeViewController.h; path = metronome/MetronomeViewController.h; sourceTree = "<group>"; };
		7E657C48147B3141003C6876 /* MetronomeViewController.m */ = {isa = PBXFileReference; lastKnownFileType = sourcecode.c.objc; name = MetronomeViewController.m; path = metronome/MetronomeViewController.m; sourceTree = "<group>"; };
		7E8339BA14819C3C0014F98C /* RootViewController.h */ = {isa = PBXFileReference; fileEncoding = 4; lastKnownFileType = sourcecode.c.h; path = RootViewController.h; sourceTree = "<group>"; };
		7E8339BB14819C3C0014F98C /* RootViewController.m */ = {isa = PBXFileReference; fileEncoding = 4; lastKnownFileType = sourcecode.c.objc; path = RootViewController.m; sourceTree = "<group>"; };
		7ED10E201484AF250006EEE0 /* AudioToolbox.framework */ = {isa = PBXFileReference; lastKnownFileType = wrapper.framework; name = AudioToolbox.framework; path = System/Library/Frameworks/AudioToolbox.framework; sourceTree = SDKROOT; };
		7ED10E251484B40C0006EEE0 /* tick.aif */ = {isa = PBXFileReference; lastKnownFileType = file; name = tick.aif; path = Resources/tick.aif; sourceTree = "<group>"; };
		7EF892B51481F0300097F30B /* SettingsView.xib */ = {isa = PBXFileReference; fileEncoding = 4; lastKnownFileType = file.xib; path = SettingsView.xib; sourceTree = "<group>"; };
		7EFB0B751481951F003B47A3 /* MetronomeView.xib */ = {isa = PBXFileReference; fileEncoding = 4; lastKnownFileType = file.xib; name = MetronomeView.xib; path = ../MetronomeView.xib; sourceTree = "<group>"; };
/* End PBXFileReference section */

/* Begin PBXFrameworksBuildPhase section */
		7E657C2B147B3141003C6876 /* Frameworks */ = {
			isa = PBXFrameworksBuildPhase;
			buildActionMask = 2147483647;
			files = (
				7ED10E211484AF260006EEE0 /* AudioToolbox.framework in Frameworks */,
				7E16ED08147EC3FC00738259 /* QuartzCore.framework in Frameworks */,
				7E657C33147B3141003C6876 /* UIKit.framework in Frameworks */,
				7E657C35147B3141003C6876 /* Foundation.framework in Frameworks */,
				7E657C37147B3141003C6876 /* CoreGraphics.framework in Frameworks */,
			);
			runOnlyForDeploymentPostprocessing = 0;
		};
/* End PBXFrameworksBuildPhase section */

/* Begin PBXGroup section */
		7E657C23147B3141003C6876 = {
			isa = PBXGroup;
			children = (
				7EFB0B6814817AD7003B47A3 /* Metronome */,
				7EB6BF361481376A00C2067D /* Nibs */,
				7EB6BF351481375500C2067D /* Settings */,
				7E657C38147B3141003C6876 /* Application */,
				7E657C39147B3141003C6876 /* Supporting Files */,
				7E657C31147B3141003C6876 /* Frameworks */,
				7E657C2F147B3141003C6876 /* Products */,
			);
			sourceTree = "<group>";
		};
		7E657C2F147B3141003C6876 /* Products */ = {
			isa = PBXGroup;
			children = (
				7E657C2E147B3141003C6876 /* metronome.app */,
			);
			name = Products;
			sourceTree = "<group>";
		};
		7E657C31147B3141003C6876 /* Frameworks */ = {
			isa = PBXGroup;
			children = (
				7ED10E201484AF250006EEE0 /* AudioToolbox.framework */,
				7E16ED07147EC3FC00738259 /* QuartzCore.framework */,
				7E657C32147B3141003C6876 /* UIKit.framework */,
				7E657C34147B3141003C6876 /* Foundation.framework */,
				7E657C36147B3141003C6876 /* CoreGraphics.framework */,
			);
			name = Frameworks;
			sourceTree = "<group>";
		};
		7E657C38147B3141003C6876 /* Application */ = {
			isa = PBXGroup;
			children = (
				7E657C41147B3141003C6876 /* AppDelegate.h */,
				7E657C42147B3141003C6876 /* AppDelegate.m */,
				7E8339BA14819C3C0014F98C /* RootViewController.h */,
				7E8339BB14819C3C0014F98C /* RootViewController.m */,
			);
			name = Application;
			path = metronome;
			sourceTree = "<group>";
		};
		7E657C39147B3141003C6876 /* Supporting Files */ = {
			isa = PBXGroup;
			children = (
				7ED10E241484AFA80006EEE0 /* Sounds */,
				7E657C3A147B3141003C6876 /* metronome-Info.plist */,
				7E657C3B147B3141003C6876 /* InfoPlist.strings */,
				7E657C3E147B3141003C6876 /* main.m */,
				7E657C40147B3141003C6876 /* metronome-Prefix.pch */,
			);
			name = "Supporting Files";
			path = metronome;
			sourceTree = "<group>";
		};
		7EB6BF351481375500C2067D /* Settings */ = {
			isa = PBXGroup;
			children = (
				7E23565D147C8A6500D002CE /* SettingsViewController.h */,
				7E23565E147C8A6500D002CE /* SettingsViewController.m */,
			);
			name = Settings;
			path = metronome;
			sourceTree = "<group>";
		};
		7EB6BF361481376A00C2067D /* Nibs */ = {
			isa = PBXGroup;
			children = (
				7EFB0B751481951F003B47A3 /* MetronomeView.xib */,
				7EF892B51481F0300097F30B /* SettingsView.xib */,
			);
			name = Nibs;
			path = metronome;
			sourceTree = "<group>";
		};
		7ED10E241484AFA80006EEE0 /* Sounds */ = {
			isa = PBXGroup;
			children = (
				7ED10E251484B40C0006EEE0 /* tick.aif */,
			);
			name = Sounds;
			path = ..;
			sourceTree = "<group>";
		};
		7EFB0B6814817AD7003B47A3 /* Metronome */ = {
			isa = PBXGroup;
			children = (
				7E657C47147B3141003C6876 /* MetronomeViewController.h */,
				7E657C48147B3141003C6876 /* MetronomeViewController.m */,
				7EFB0B6C14817C00003B47A3 /* Views */,
			);
			name = Metronome;
			sourceTree = "<group>";
		};
		7EFB0B6C14817C00003B47A3 /* Views */ = {
			isa = PBXGroup;
			children = (
				7E16ED03147EB4F200738259 /* MetronomeBeatView.h */,
				7E16ED04147EB4F200738259 /* MetronomeBeatView.m */,
			);
			name = Views;
			sourceTree = "<group>";
		};
/* End PBXGroup section */

/* Begin PBXNativeTarget section */
		7E657C2D147B3141003C6876 /* metronome */ = {
			isa = PBXNativeTarget;
			buildConfigurationList = 7E657C4C147B3141003C6876 /* Build configuration list for PBXNativeTarget "metronome" */;
			buildPhases = (
				7E657C2A147B3141003C6876 /* Sources */,
				7E657C2B147B3141003C6876 /* Frameworks */,
				7E657C2C147B3141003C6876 /* Resources */,
			);
			buildRules = (
			);
			dependencies = (
			);
			name = metronome;
			productName = metronome;
			productReference = 7E657C2E147B3141003C6876 /* metronome.app */;
			productType = "com.apple.product-type.application";
		};
/* End PBXNativeTarget section */

/* Begin PBXProject section */
		7E657C25147B3141003C6876 /* Project object */ = {
			isa = PBXProject;
			attributes = {
				LastUpgradeCheck = 0420;
			};
			buildConfigurationList = 7E657C28147B3141003C6876 /* Build configuration list for PBXProject "metronome" */;
			compatibilityVersion = "Xcode 3.2";
			developmentRegion = English;
			hasScannedForEncodings = 0;
			knownRegions = (
				en,
			);
			mainGroup = 7E657C23147B3141003C6876;
			productRefGroup = 7E657C2F147B3141003C6876 /* Products */;
			projectDirPath = "";
			projectRoot = "";
			targets = (
				7E657C2D147B3141003C6876 /* metronome */,
			);
		};
/* End PBXProject section */

/* Begin PBXResourcesBuildPhase section */
		7E657C2C147B3141003C6876 /* Resources */ = {
			isa = PBXResourcesBuildPhase;
			buildActionMask = 2147483647;
			files = (
				7E657C3D147B3141003C6876 /* InfoPlist.strings in Resources */,
				7EFB0B761481951F003B47A3 /* MetronomeView.xib in Resources */,
				7EF892B61481F0300097F30B /* SettingsView.xib in Resources */,
				7ED10E261484B40C0006EEE0 /* tick.aif in Resources */,
			);
			runOnlyForDeploymentPostprocessing = 0;
		};
/* End PBXResourcesBuildPhase section */

/* Begin PBXSourcesBuildPhase section */
		7E657C2A147B3141003C6876 /* Sources */ = {
			isa = PBXSourcesBuildPhase;
			buildActionMask = 2147483647;
			files = (
				7E657C3F147B3141003C6876 /* main.m in Sources */,
				7E657C43147B3141003C6876 /* AppDelegate.m in Sources */,
				7E657C49147B3141003C6876 /* MetronomeViewController.m in Sources */,
				7E23565F147C8A6500D002CE /* SettingsViewController.m in Sources */,
				7E16ED05147EB4F200738259 /* MetronomeBeatView.m in Sources */,
				7E8339BC14819C3C0014F98C /* RootViewController.m in Sources */,
			);
			runOnlyForDeploymentPostprocessing = 0;
		};
/* End PBXSourcesBuildPhase section */

/* Begin PBXVariantGroup section */
		7E657C3B147B3141003C6876 /* InfoPlist.strings */ = {
			isa = PBXVariantGroup;
			children = (
				7E657C3C147B3141003C6876 /* en */,
			);
			name = InfoPlist.strings;
			sourceTree = "<group>";
		};
/* End PBXVariantGroup section */

/* Begin XCBuildConfiguration section */
		7E657C4A147B3141003C6876 /* Debug */ = {
			isa = XCBuildConfiguration;
			buildSettings = {
				ALWAYS_SEARCH_USER_PATHS = NO;
				ARCHS = "$(ARCHS_STANDARD_32_BIT)";
				CLANG_ENABLE_OBJC_ARC = YES;
				"CODE_SIGN_IDENTITY[sdk=iphoneos*]" = "iPhone Developer";
				COPY_PHASE_STRIP = NO;
				GCC_C_LANGUAGE_STANDARD = gnu99;
				GCC_DYNAMIC_NO_PIC = NO;
				GCC_OPTIMIZATION_LEVEL = 0;
				GCC_PREPROCESSOR_DEFINITIONS = (
					"DEBUG=1",
					"$(inherited)",
				);
				GCC_SYMBOLS_PRIVATE_EXTERN = NO;
				GCC_VERSION = com.apple.compilers.llvm.clang.1_0;
				GCC_WARN_ABOUT_MISSING_PROTOTYPES = YES;
				GCC_WARN_ABOUT_RETURN_TYPE = YES;
				GCC_WARN_UNUSED_VARIABLE = YES;
				IPHONEOS_DEPLOYMENT_TARGET = 5.0;
				SDKROOT = iphoneos;
			};
			name = Debug;
		};
		7E657C4B147B3141003C6876 /* Release */ = {
			isa = XCBuildConfiguration;
			buildSettings = {
				ALWAYS_SEARCH_USER_PATHS = NO;
				ARCHS = "$(ARCHS_STANDARD_32_BIT)";
				CLANG_ENABLE_OBJC_ARC = YES;
				"CODE_SIGN_IDENTITY[sdk=iphoneos*]" = "iPhone Developer";
				COPY_PHASE_STRIP = YES;
				GCC_C_LANGUAGE_STANDARD = gnu99;
				GCC_VERSION = com.apple.compilers.llvm.clang.1_0;
				GCC_WARN_ABOUT_MISSING_PROTOTYPES = YES;
				GCC_WARN_ABOUT_RETURN_TYPE = YES;
				GCC_WARN_UNUSED_VARIABLE = YES;
				IPHONEOS_DEPLOYMENT_TARGET = 5.0;
				OTHER_CFLAGS = "-DNS_BLOCK_ASSERTIONS=1";
				SDKROOT = iphoneos;
				VALIDATE_PRODUCT = YES;
			};
			name = Release;
		};
		7E657C4D147B3141003C6876 /* Debug */ = {
			isa = XCBuildConfiguration;
			buildSettings = {
				GCC_PRECOMPILE_PREFIX_HEADER = YES;
				GCC_PREFIX_HEADER = "metronome/metronome-Prefix.pch";
				INFOPLIST_FILE = "metronome/metronome-Info.plist";
				PRODUCT_NAME = "$(TARGET_NAME)";
				WRAPPER_EXTENSION = app;
			};
			name = Debug;
		};
		7E657C4E147B3141003C6876 /* Release */ = {
			isa = XCBuildConfiguration;
			buildSettings = {
				GCC_PRECOMPILE_PREFIX_HEADER = YES;
				GCC_PREFIX_HEADER = "metronome/metronome-Prefix.pch";
				INFOPLIST_FILE = "metronome/metronome-Info.plist";
				PRODUCT_NAME = "$(TARGET_NAME)";
				WRAPPER_EXTENSION = app;
			};
			name = Release;
		};
/* End XCBuildConfiguration section */

/* Begin XCConfigurationList section */
		7E657C28147B3141003C6876 /* Build configuration list for PBXProject "metronome" */ = {
			isa = XCConfigurationList;
			buildConfigurations = (
				7E657C4A147B3141003C6876 /* Debug */,
				7E657C4B147B3141003C6876 /* Release */,
			);
			defaultConfigurationIsVisible = 0;
			defaultConfigurationName = Release;
		};
		7E657C4C147B3141003C6876 /* Build configuration list for PBXNativeTarget "metronome" */ = {
			isa = XCConfigurationList;
			buildConfigurations = (
				7E657C4D147B3141003C6876 /* Debug */,
				7E657C4E147B3141003C6876 /* Release */,
			);
			defaultConfigurationIsVisible = 0;
			defaultConfigurationName = Release;
		};
/* End XCConfigurationList section */
	};
	rootObject = 7E657C25147B3141003C6876 /* Project object */;
}
